
Microsoft Visual Studio Solution File, Format Version 12.00
# Visual Studio 2013
VisualStudioVersion = 12.0.31101.0
MinimumVisualStudioVersion = 10.0.40219.1
Project("{FAE04EC0-301F-11D3-BF4B-00C04F79EFBC}") = "SolarSystem", "01.SolarSystem\SolarSystem.csproj", "{2F30E9AF-8256-40AF-B356-EA14E55CE9D7}"
EndProject
Project("{FAE04EC0-301F-11D3-BF4B-00C04F79EFBC}") = "CompareSimpleMath", "CompareSimpleMath\CompareSimpleMath.csproj", "{C0ABB222-86EC-4ADF-84CE-364FA86C41E4}"
EndProject
Project("{FAE04EC0-301F-11D3-BF4B-00C04F79EFBC}") = "CompareAdvancedMath", "CompareAdvancedMath\CompareAdvancedMath.csproj", "{4CC00F78-8597-48B1-B991-51F39A5EC1F5}"
EndProject
Project("{FAE04EC0-301F-11D3-BF4B-00C04F79EFBC}") = "CompareSortingAlgorithms", "CompareSortingAlgorithms\CompareSortingAlgorithms.csproj", "{74D776C9-FB9D-4C74-BE86-00812F14857C}"
EndProject
Global
	GlobalSection(SolutionConfigurationPlatforms) = preSolution
		Debug|Any CPU = Debug|Any CPU
		Release|Any CPU = Release|Any CPU
	EndGlobalSection
	GlobalSection(ProjectConfigurationPlatforms) = postSolution
		{2F30E9AF-8256-40AF-B356-EA14E55CE9D7}.Debug|Any CPU.ActiveCfg = Debug|Any CPU
		{2F30E9AF-8256-40AF-B356-EA14E55CE9D7}.Debug|Any CPU.Build.0 = Debug|Any CPU
		{2F30E9AF-8256-40AF-B356-EA14E55CE9D7}.Release|Any CPU.ActiveCfg = Release|Any CPU
		{2F30E9AF-8256-40AF-B356-EA14E55CE9D7}.Release|Any CPU.Build.0 = Release|Any CPU
		{C0ABB222-86EC-4ADF-84CE-364FA86C41E4}.Debug|Any CPU.ActiveCfg = Debug|Any CPU
		{C0ABB222-86EC-4ADF-84CE-364FA86C41E4}.Debug|Any CPU.Build.0 = Debug|Any CPU
		{C0ABB222-86EC-4ADF-84CE-364FA86C41E4}.Release|Any CPU.ActiveCfg = Release|Any CPU
		{C0ABB222-86EC-4ADF-84CE-364FA86C41E4}.Release|Any CPU.Build.0 = Release|Any CPU
		{4CC00F78-8597-48B1-B991-51F39A5EC1F5}.Debug|Any CPU.ActiveCfg = Debug|Any CPU
		{4CC00F78-8597-48B1-B991-51F39A5EC1F5}.Debug|Any CPU.Build.0 = Debug|Any CPU
		{4CC00F78-8597-48B1-B991-51F39A5EC1F5}.Release|Any CPU.ActiveCfg = Release|Any CPU
		{4CC00F78-8597-48B1-B991-51F39A5EC1F5}.Release|Any CPU.Build.0 = Release|Any CPU
		{74D776C9-FB9D-4C74-BE86-00812F14857C}.Debug|Any CPU.ActiveCfg = Debug|Any CPU
		{74D776C9-FB9D-4C74-BE86-00812F14857C}.Debug|Any CPU.Build.0 = Debug|Any CPU
		{74D776C9-FB9D-4C74-BE86-00812F14857C}.Release|Any CPU.ActiveCfg = Release|Any CPU
		{74D776C9-FB9D-4C74-BE86-00812F14857C}.Release|Any CPU.Build.0 = Release|Any CPU
	EndGlobalSection
	GlobalSection(SolutionProperties) = preSolution
		HideSolutionNode = FALSE
	EndGlobalSection
EndGlobal
