
Microsoft Visual Studio Solution File, Format Version 12.00
# Visual Studio 2013
VisualStudioVersion = 12.0.31101.0
MinimumVisualStudioVersion = 10.0.40219.1
Project("{FAE04EC0-301F-11D3-BF4B-00C04F79EFBC}") = "Events", "Events\Events.csproj", "{65E3806D-B5D0-45BC-8942-5CFECAD6F817}"
EndProject
Project("{FAE04EC0-301F-11D3-BF4B-00C04F79EFBC}") = "Code", "Code\Code.csproj", "{D10946B1-2FCF-4126-AA71-DBEF2E2DB33E}"
EndProject
Global
	GlobalSection(SolutionConfigurationPlatforms) = preSolution
		Debug|Any CPU = Debug|Any CPU
		Release|Any CPU = Release|Any CPU
	EndGlobalSection
	GlobalSection(ProjectConfigurationPlatforms) = postSolution
		{65E3806D-B5D0-45BC-8942-5CFECAD6F817}.Debug|Any CPU.ActiveCfg = Debug|Any CPU
		{65E3806D-B5D0-45BC-8942-5CFECAD6F817}.Debug|Any CPU.Build.0 = Debug|Any CPU
		{65E3806D-B5D0-45BC-8942-5CFECAD6F817}.Release|Any CPU.ActiveCfg = Release|Any CPU
		{65E3806D-B5D0-45BC-8942-5CFECAD6F817}.Release|Any CPU.Build.0 = Release|Any CPU
		{D10946B1-2FCF-4126-AA71-DBEF2E2DB33E}.Debug|Any CPU.ActiveCfg = Debug|Any CPU
		{D10946B1-2FCF-4126-AA71-DBEF2E2DB33E}.Debug|Any CPU.Build.0 = Debug|Any CPU
		{D10946B1-2FCF-4126-AA71-DBEF2E2DB33E}.Release|Any CPU.ActiveCfg = Release|Any CPU
		{D10946B1-2FCF-4126-AA71-DBEF2E2DB33E}.Release|Any CPU.Build.0 = Release|Any CPU
	EndGlobalSection
	GlobalSection(SolutionProperties) = preSolution
		HideSolutionNode = FALSE
	EndGlobalSection
EndGlobal
