
Microsoft Visual Studio Solution File, Format Version 12.00
# Visual Studio 2013
VisualStudioVersion = 12.0.31101.0
MinimumVisualStudioVersion = 10.0.40219.1
Project("{FAE04EC0-301F-11D3-BF4B-00C04F79EFBC}") = "Abstraction", "Abstraction\Abstraction.csproj", "{4ECD53FF-742A-445B-9F99-A8EB847FC092}"
EndProject
Project("{FAE04EC0-301F-11D3-BF4B-00C04F79EFBC}") = "CohesionAndCoupling", "CohesionAndCoupling\CohesionAndCoupling.csproj", "{CD4A6F4C-FDE0-4EBB-893A-BB5D29CF3AF6}"
EndProject
Project("{FAE04EC0-301F-11D3-BF4B-00C04F79EFBC}") = "InheritanceAndPolymorphism", "InheritanceAndPolymorphism\InheritanceAndPolymorphism.csproj", "{C64188E1-6EF5-4F30-BC0E-C9EDFB25059E}"
EndProject
Global
	GlobalSection(SolutionConfigurationPlatforms) = preSolution
		Debug|Any CPU = Debug|Any CPU
		Release|Any CPU = Release|Any CPU
	EndGlobalSection
	GlobalSection(ProjectConfigurationPlatforms) = postSolution
		{4ECD53FF-742A-445B-9F99-A8EB847FC092}.Debug|Any CPU.ActiveCfg = Debug|Any CPU
		{4ECD53FF-742A-445B-9F99-A8EB847FC092}.Debug|Any CPU.Build.0 = Debug|Any CPU
		{4ECD53FF-742A-445B-9F99-A8EB847FC092}.Release|Any CPU.ActiveCfg = Release|Any CPU
		{4ECD53FF-742A-445B-9F99-A8EB847FC092}.Release|Any CPU.Build.0 = Release|Any CPU
		{CD4A6F4C-FDE0-4EBB-893A-BB5D29CF3AF6}.Debug|Any CPU.ActiveCfg = Debug|Any CPU
		{CD4A6F4C-FDE0-4EBB-893A-BB5D29CF3AF6}.Debug|Any CPU.Build.0 = Debug|Any CPU
		{CD4A6F4C-FDE0-4EBB-893A-BB5D29CF3AF6}.Release|Any CPU.ActiveCfg = Release|Any CPU
		{CD4A6F4C-FDE0-4EBB-893A-BB5D29CF3AF6}.Release|Any CPU.Build.0 = Release|Any CPU
		{C64188E1-6EF5-4F30-BC0E-C9EDFB25059E}.Debug|Any CPU.ActiveCfg = Debug|Any CPU
		{C64188E1-6EF5-4F30-BC0E-C9EDFB25059E}.Debug|Any CPU.Build.0 = Debug|Any CPU
		{C64188E1-6EF5-4F30-BC0E-C9EDFB25059E}.Release|Any CPU.ActiveCfg = Release|Any CPU
		{C64188E1-6EF5-4F30-BC0E-C9EDFB25059E}.Release|Any CPU.Build.0 = Release|Any CPU
	EndGlobalSection
	GlobalSection(SolutionProperties) = preSolution
		HideSolutionNode = FALSE
	EndGlobalSection
EndGlobal
